// !$*UTF8*$!
{
	archiveVersion = 1;
	classes = {
	};
	objectVersion = 50;
	objects = {

/* Begin PBXBuildFile section */
		2A29DE20228F2EBC00C1CDD0 /* AppDelegate.swift in Sources */ = {isa = PBXBuildFile; fileRef = 2A29DE1F228F2EBC00C1CDD0 /* AppDelegate.swift */; };
		2A29DE25228F2EBD00C1CDD0 /* Main.storyboard in Resources */ = {isa = PBXBuildFile; fileRef = 2A29DE23228F2EBD00C1CDD0 /* Main.storyboard */; };
		2A29DE27228F2EBD00C1CDD0 /* Assets.xcassets in Resources */ = {isa = PBXBuildFile; fileRef = 2A29DE26228F2EBD00C1CDD0 /* Assets.xcassets */; };
		2A29DE2A228F2EBD00C1CDD0 /* LaunchScreen.storyboard in Resources */ = {isa = PBXBuildFile; fileRef = 2A29DE28228F2EBD00C1CDD0 /* LaunchScreen.storyboard */; };
		2A9A95DB229C4F130002BC23 /* MainTabBarController.swift in Sources */ = {isa = PBXBuildFile; fileRef = 2A9A95DA229C4F130002BC23 /* MainTabBarController.swift */; };
		2A9A95DD229C5AD90002BC23 /* UIViewExtension.swift in Sources */ = {isa = PBXBuildFile; fileRef = 2A9A95DC229C5AD90002BC23 /* UIViewExtension.swift */; };
		2A9A95FD22A2EF100002BC23 /* TrainInfo.swift in Sources */ = {isa = PBXBuildFile; fileRef = 2A9A95FC22A2EF100002BC23 /* TrainInfo.swift */; };
		2AA86D3A228F905C00C10FD7 /* TrainController.swift in Sources */ = {isa = PBXBuildFile; fileRef = 2AA86D39228F905C00C10FD7 /* TrainController.swift */; };
		2AA86D3C228F916F00C10FD7 /* LinesViewController.swift in Sources */ = {isa = PBXBuildFile; fileRef = 2AA86D3B228F916F00C10FD7 /* LinesViewController.swift */; };
		2AA86D3E228F993B00C10FD7 /* TrainCell.swift in Sources */ = {isa = PBXBuildFile; fileRef = 2AA86D3D228F993B00C10FD7 /* TrainCell.swift */; };
		2AA86D642290750B00C10FD7 /* Lines.storyboard in Resources */ = {isa = PBXBuildFile; fileRef = 2AA86D622290750B00C10FD7 /* Lines.storyboard */; };
		2AA86D682290761B00C10FD7 /* Trains.storyboard in Resources */ = {isa = PBXBuildFile; fileRef = 2AA86D662290761B00C10FD7 /* Trains.storyboard */; };
		2AA86D6C229097C200C10FD7 /* TrainData.swift in Sources */ = {isa = PBXBuildFile; fileRef = 2AA86D6B229097C200C10FD7 /* TrainData.swift */; };
		2AA86D702290C3BE00C10FD7 /* TrainAPI.swift in Sources */ = {isa = PBXBuildFile; fileRef = 2AA86D6F2290C3BE00C10FD7 /* TrainAPI.swift */; };
		2AA86D722290CCF100C10FD7 /* Train.swift in Sources */ = {isa = PBXBuildFile; fileRef = 2AA86D712290CCF100C10FD7 /* Train.swift */; };
		2AA86D742290CD3200C10FD7 /* Trains.swift in Sources */ = {isa = PBXBuildFile; fileRef = 2AA86D732290CD3200C10FD7 /* Trains.swift */; };
		2AA86D772291BB9500C10FD7 /* TrainLabel.swift in Sources */ = {isa = PBXBuildFile; fileRef = 2AA86D762291BB9500C10FD7 /* TrainLabel.swift */; };
		2AA86D792291C23100C10FD7 /* UIColorExtension.swift in Sources */ = {isa = PBXBuildFile; fileRef = 2AA86D782291C23100C10FD7 /* UIColorExtension.swift */; };
		2AD4E7AF229B023F00602A01 /* TrainDetailViewController.swift in Sources */ = {isa = PBXBuildFile; fileRef = 2AD4E7AE229B023F00602A01 /* TrainDetailViewController.swift */; };
/* End PBXBuildFile section */

/* Begin PBXFileReference section */
		2A29DE1C228F2EBC00C1CDD0 /* GoodService.app */ = {isa = PBXFileReference; explicitFileType = wrapper.application; includeInIndex = 0; path = GoodService.app; sourceTree = BUILT_PRODUCTS_DIR; };
		2A29DE1F228F2EBC00C1CDD0 /* AppDelegate.swift */ = {isa = PBXFileReference; lastKnownFileType = sourcecode.swift; path = AppDelegate.swift; sourceTree = "<group>"; };
		2A29DE24228F2EBD00C1CDD0 /* Base */ = {isa = PBXFileReference; lastKnownFileType = file.storyboard; name = Base; path = Base.lproj/Main.storyboard; sourceTree = "<group>"; };
		2A29DE26228F2EBD00C1CDD0 /* Assets.xcassets */ = {isa = PBXFileReference; lastKnownFileType = folder.assetcatalog; path = Assets.xcassets; sourceTree = "<group>"; };
		2A29DE29228F2EBD00C1CDD0 /* Base */ = {isa = PBXFileReference; lastKnownFileType = file.storyboard; name = Base; path = Base.lproj/LaunchScreen.storyboard; sourceTree = "<group>"; };
		2A29DE2B228F2EBD00C1CDD0 /* Info.plist */ = {isa = PBXFileReference; lastKnownFileType = text.plist.xml; path = Info.plist; sourceTree = "<group>"; };
		2A9A95DA229C4F130002BC23 /* MainTabBarController.swift */ = {isa = PBXFileReference; lastKnownFileType = sourcecode.swift; path = MainTabBarController.swift; sourceTree = "<group>"; };
		2A9A95DC229C5AD90002BC23 /* UIViewExtension.swift */ = {isa = PBXFileReference; lastKnownFileType = sourcecode.swift; path = UIViewExtension.swift; sourceTree = "<group>"; };
		2A9A95FC22A2EF100002BC23 /* TrainInfo.swift */ = {isa = PBXFileReference; lastKnownFileType = sourcecode.swift; path = TrainInfo.swift; sourceTree = "<group>"; };
		2AA86D39228F905C00C10FD7 /* TrainController.swift */ = {isa = PBXFileReference; lastKnownFileType = sourcecode.swift; path = TrainController.swift; sourceTree = "<group>"; };
		2AA86D3B228F916F00C10FD7 /* LinesViewController.swift */ = {isa = PBXFileReference; lastKnownFileType = sourcecode.swift; path = LinesViewController.swift; sourceTree = "<group>"; };
		2AA86D3D228F993B00C10FD7 /* TrainCell.swift */ = {isa = PBXFileReference; lastKnownFileType = sourcecode.swift; path = TrainCell.swift; sourceTree = "<group>"; };
		2AA86D632290750B00C10FD7 /* Base */ = {isa = PBXFileReference; lastKnownFileType = file.storyboard; name = Base; path = GoodService/Base.lproj/Lines.storyboard; sourceTree = "<group>"; };
		2AA86D672290761B00C10FD7 /* Base */ = {isa = PBXFileReference; lastKnownFileType = file.storyboard; name = Base; path = GoodService/Storyboards/Base.lproj/Trains.storyboard; sourceTree = "<group>"; };
		2AA86D6B229097C200C10FD7 /* TrainData.swift */ = {isa = PBXFileReference; lastKnownFileType = sourcecode.swift; path = TrainData.swift; sourceTree = "<group>"; };
		2AA86D6F2290C3BE00C10FD7 /* TrainAPI.swift */ = {isa = PBXFileReference; lastKnownFileType = sourcecode.swift; path = TrainAPI.swift; sourceTree = "<group>"; };
		2AA86D712290CCF100C10FD7 /* Train.swift */ = {isa = PBXFileReference; lastKnownFileType = sourcecode.swift; path = Train.swift; sourceTree = "<group>"; };
		2AA86D732290CD3200C10FD7 /* Trains.swift */ = {isa = PBXFileReference; lastKnownFileType = sourcecode.swift; path = Trains.swift; sourceTree = "<group>"; };
		2AA86D762291BB9500C10FD7 /* TrainLabel.swift */ = {isa = PBXFileReference; lastKnownFileType = sourcecode.swift; path = TrainLabel.swift; sourceTree = "<group>"; };
		2AA86D782291C23100C10FD7 /* UIColorExtension.swift */ = {isa = PBXFileReference; lastKnownFileType = sourcecode.swift; path = UIColorExtension.swift; sourceTree = "<group>"; };
		2AD4E7AE229B023F00602A01 /* TrainDetailViewController.swift */ = {isa = PBXFileReference; lastKnownFileType = sourcecode.swift; path = TrainDetailViewController.swift; sourceTree = "<group>"; };
/* End PBXFileReference section */

/* Begin PBXFrameworksBuildPhase section */
		2A29DE19228F2EBC00C1CDD0 /* Frameworks */ = {
			isa = PBXFrameworksBuildPhase;
			buildActionMask = 2147483647;
			files = (
			);
			runOnlyForDeploymentPostprocessing = 0;
		};
/* End PBXFrameworksBuildPhase section */

/* Begin PBXGroup section */
		2A29DE13228F2EBC00C1CDD0 = {
			isa = PBXGroup;
			children = (
				2A29DE1E228F2EBC00C1CDD0 /* GoodService */,
				2A29DE1D228F2EBC00C1CDD0 /* Products */,
			);
			sourceTree = "<group>";
		};
		2A29DE1D228F2EBC00C1CDD0 /* Products */ = {
			isa = PBXGroup;
			children = (
				2A29DE1C228F2EBC00C1CDD0 /* GoodService.app */,
			);
			name = Products;
			sourceTree = "<group>";
		};
		2A29DE1E228F2EBC00C1CDD0 /* GoodService */ = {
			isa = PBXGroup;
			children = (
				2AA86D38228F903B00C10FD7 /* Lines */,
				2AA86D37228F902E00C10FD7 /* Train */,
				2AA86D61229074A200C10FD7 /* Models */,
				2AA86D6E2290C35E00C10FD7 /* Networking */,
				2AA86D752291BB2500C10FD7 /* Utils */,
				2AA86D65229075D000C10FD7 /* Storyboards */,
				2A9A95DA229C4F130002BC23 /* MainTabBarController.swift */,
				2A29DE1F228F2EBC00C1CDD0 /* AppDelegate.swift */,
				2A29DE26228F2EBD00C1CDD0 /* Assets.xcassets */,
				2A29DE28228F2EBD00C1CDD0 /* LaunchScreen.storyboard */,
				2A29DE2B228F2EBD00C1CDD0 /* Info.plist */,
			);
			path = GoodService;
			sourceTree = "<group>";
		};
		2AA86D37228F902E00C10FD7 /* Train */ = {
			isa = PBXGroup;
			children = (
				2AA86D39228F905C00C10FD7 /* TrainController.swift */,
				2AA86D3D228F993B00C10FD7 /* TrainCell.swift */,
				2AD4E7AE229B023F00602A01 /* TrainDetailViewController.swift */,
			);
			path = Train;
			sourceTree = "<group>";
		};
		2AA86D38228F903B00C10FD7 /* Lines */ = {
			isa = PBXGroup;
			children = (
				2AA86D3B228F916F00C10FD7 /* LinesViewController.swift */,
			);
			path = Lines;
			sourceTree = "<group>";
		};
		2AA86D61229074A200C10FD7 /* Models */ = {
			isa = PBXGroup;
			children = (
				2AA86D6B229097C200C10FD7 /* TrainData.swift */,
				2A9A95FC22A2EF100002BC23 /* TrainInfo.swift */,
				2AA86D732290CD3200C10FD7 /* Trains.swift */,
				2AA86D712290CCF100C10FD7 /* Train.swift */,
			);
			path = Models;
			sourceTree = "<group>";
		};
		2AA86D65229075D000C10FD7 /* Storyboards */ = {
			isa = PBXGroup;
			children = (
				2A29DE23228F2EBD00C1CDD0 /* Main.storyboard */,
				2AA86D662290761B00C10FD7 /* Trains.storyboard */,
				2AA86D622290750B00C10FD7 /* Lines.storyboard */,
			);
			path = Storyboards;
			sourceTree = "<group>";
		};
		2AA86D6E2290C35E00C10FD7 /* Networking */ = {
			isa = PBXGroup;
			children = (
				2AA86D6F2290C3BE00C10FD7 /* TrainAPI.swift */,
			);
			path = Networking;
			sourceTree = "<group>";
		};
		2AA86D752291BB2500C10FD7 /* Utils */ = {
			isa = PBXGroup;
			children = (
				2AA86D762291BB9500C10FD7 /* TrainLabel.swift */,
				2AA86D782291C23100C10FD7 /* UIColorExtension.swift */,
				2A9A95DC229C5AD90002BC23 /* UIViewExtension.swift */,
			);
			path = Utils;
			sourceTree = "<group>";
		};
/* End PBXGroup section */

/* Begin PBXNativeTarget section */
		2A29DE1B228F2EBC00C1CDD0 /* GoodService */ = {
			isa = PBXNativeTarget;
			buildConfigurationList = 2A29DE2E228F2EBD00C1CDD0 /* Build configuration list for PBXNativeTarget "GoodService" */;
			buildPhases = (
				2A29DE18228F2EBC00C1CDD0 /* Sources */,
				2A29DE19228F2EBC00C1CDD0 /* Frameworks */,
				2A29DE1A228F2EBC00C1CDD0 /* Resources */,
			);
			buildRules = (
			);
			dependencies = (
			);
			name = GoodService;
			productName = GoodService;
			productReference = 2A29DE1C228F2EBC00C1CDD0 /* GoodService.app */;
			productType = "com.apple.product-type.application";
		};
/* End PBXNativeTarget section */

/* Begin PBXProject section */
		2A29DE14228F2EBC00C1CDD0 /* Project object */ = {
			isa = PBXProject;
			attributes = {
				LastSwiftUpdateCheck = 1020;
				LastUpgradeCheck = 1020;
				ORGANIZATIONNAME = "Christopher Sanders";
				TargetAttributes = {
					2A29DE1B228F2EBC00C1CDD0 = {
						CreatedOnToolsVersion = 10.2.1;
					};
				};
			};
			buildConfigurationList = 2A29DE17228F2EBC00C1CDD0 /* Build configuration list for PBXProject "GoodService" */;
			compatibilityVersion = "Xcode 9.3";
			developmentRegion = en;
			hasScannedForEncodings = 0;
			knownRegions = (
				en,
				Base,
			);
			mainGroup = 2A29DE13228F2EBC00C1CDD0;
			productRefGroup = 2A29DE1D228F2EBC00C1CDD0 /* Products */;
			projectDirPath = "";
			projectRoot = "";
			targets = (
				2A29DE1B228F2EBC00C1CDD0 /* GoodService */,
			);
		};
/* End PBXProject section */

/* Begin PBXResourcesBuildPhase section */
		2A29DE1A228F2EBC00C1CDD0 /* Resources */ = {
			isa = PBXResourcesBuildPhase;
			buildActionMask = 2147483647;
			files = (
				2A29DE2A228F2EBD00C1CDD0 /* LaunchScreen.storyboard in Resources */,
				2AA86D682290761B00C10FD7 /* Trains.storyboard in Resources */,
				2A29DE27228F2EBD00C1CDD0 /* Assets.xcassets in Resources */,
				2AA86D642290750B00C10FD7 /* Lines.storyboard in Resources */,
				2A29DE25228F2EBD00C1CDD0 /* Main.storyboard in Resources */,
			);
			runOnlyForDeploymentPostprocessing = 0;
		};
/* End PBXResourcesBuildPhase section */

/* Begin PBXSourcesBuildPhase section */
		2A29DE18228F2EBC00C1CDD0 /* Sources */ = {
			isa = PBXSourcesBuildPhase;
			buildActionMask = 2147483647;
			files = (
				2AA86D742290CD3200C10FD7 /* Trains.swift in Sources */,
				2AD4E7AF229B023F00602A01 /* TrainDetailViewController.swift in Sources */,
				2A9A95DB229C4F130002BC23 /* MainTabBarController.swift in Sources */,
				2AA86D3E228F993B00C10FD7 /* TrainCell.swift in Sources */,
				2AA86D772291BB9500C10FD7 /* TrainLabel.swift in Sources */,
				2A29DE20228F2EBC00C1CDD0 /* AppDelegate.swift in Sources */,
				2AA86D722290CCF100C10FD7 /* Train.swift in Sources */,
				2AA86D6C229097C200C10FD7 /* TrainData.swift in Sources */,
				2AA86D702290C3BE00C10FD7 /* TrainAPI.swift in Sources */,
				2A9A95DD229C5AD90002BC23 /* UIViewExtension.swift in Sources */,
				2AA86D792291C23100C10FD7 /* UIColorExtension.swift in Sources */,
				2AA86D3C228F916F00C10FD7 /* LinesViewController.swift in Sources */,
				2AA86D3A228F905C00C10FD7 /* TrainController.swift in Sources */,
				2A9A95FD22A2EF100002BC23 /* TrainInfo.swift in Sources */,
			);
			runOnlyForDeploymentPostprocessing = 0;
		};
/* End PBXSourcesBuildPhase section */

/* Begin PBXVariantGroup section */
		2A29DE23228F2EBD00C1CDD0 /* Main.storyboard */ = {
			isa = PBXVariantGroup;
			children = (
				2A29DE24228F2EBD00C1CDD0 /* Base */,
			);
			name = Main.storyboard;
			sourceTree = "<group>";
		};
		2A29DE28228F2EBD00C1CDD0 /* LaunchScreen.storyboard */ = {
			isa = PBXVariantGroup;
			children = (
				2A29DE29228F2EBD00C1CDD0 /* Base */,
			);
			name = LaunchScreen.storyboard;
			sourceTree = "<group>";
		};
		2AA86D622290750B00C10FD7 /* Lines.storyboard */ = {
			isa = PBXVariantGroup;
			children = (
				2AA86D632290750B00C10FD7 /* Base */,
			);
			name = Lines.storyboard;
			sourceTree = "<group>";
		};
		2AA86D662290761B00C10FD7 /* Trains.storyboard */ = {
			isa = PBXVariantGroup;
			children = (
				2AA86D672290761B00C10FD7 /* Base */,
			);
			name = Trains.storyboard;
			sourceTree = "<group>";
		};
/* End PBXVariantGroup section */

/* Begin XCBuildConfiguration section */
		2A29DE2C228F2EBD00C1CDD0 /* Debug */ = {
			isa = XCBuildConfiguration;
			buildSettings = {
				ALWAYS_SEARCH_USER_PATHS = NO;
				CLANG_ANALYZER_NONNULL = YES;
				CLANG_ANALYZER_NUMBER_OBJECT_CONVERSION = YES_AGGRESSIVE;
				CLANG_CXX_LANGUAGE_STANDARD = "gnu++14";
				CLANG_CXX_LIBRARY = "libc++";
				CLANG_ENABLE_MODULES = YES;
				CLANG_ENABLE_OBJC_ARC = YES;
				CLANG_ENABLE_OBJC_WEAK = YES;
				CLANG_WARN_BLOCK_CAPTURE_AUTORELEASING = YES;
				CLANG_WARN_BOOL_CONVERSION = YES;
				CLANG_WARN_COMMA = YES;
				CLANG_WARN_CONSTANT_CONVERSION = YES;
				CLANG_WARN_DEPRECATED_OBJC_IMPLEMENTATIONS = YES;
				CLANG_WARN_DIRECT_OBJC_ISA_USAGE = YES_ERROR;
				CLANG_WARN_DOCUMENTATION_COMMENTS = YES;
				CLANG_WARN_EMPTY_BODY = YES;
				CLANG_WARN_ENUM_CONVERSION = YES;
				CLANG_WARN_INFINITE_RECURSION = YES;
				CLANG_WARN_INT_CONVERSION = YES;
				CLANG_WARN_NON_LITERAL_NULL_CONVERSION = YES;
				CLANG_WARN_OBJC_IMPLICIT_RETAIN_SELF = YES;
				CLANG_WARN_OBJC_LITERAL_CONVERSION = YES;
				CLANG_WARN_OBJC_ROOT_CLASS = YES_ERROR;
				CLANG_WARN_RANGE_LOOP_ANALYSIS = YES;
				CLANG_WARN_STRICT_PROTOTYPES = YES;
				CLANG_WARN_SUSPICIOUS_MOVE = YES;
				CLANG_WARN_UNGUARDED_AVAILABILITY = YES_AGGRESSIVE;
				CLANG_WARN_UNREACHABLE_CODE = YES;
				CLANG_WARN__DUPLICATE_METHOD_MATCH = YES;
				CODE_SIGN_IDENTITY = "iPhone Developer";
				COPY_PHASE_STRIP = NO;
				DEBUG_INFORMATION_FORMAT = dwarf;
				ENABLE_STRICT_OBJC_MSGSEND = YES;
				ENABLE_TESTABILITY = YES;
				GCC_C_LANGUAGE_STANDARD = gnu11;
				GCC_DYNAMIC_NO_PIC = NO;
				GCC_NO_COMMON_BLOCKS = YES;
				GCC_OPTIMIZATION_LEVEL = 0;
				GCC_PREPROCESSOR_DEFINITIONS = (
					"DEBUG=1",
					"$(inherited)",
				);
				GCC_WARN_64_TO_32_BIT_CONVERSION = YES;
				GCC_WARN_ABOUT_RETURN_TYPE = YES_ERROR;
				GCC_WARN_UNDECLARED_SELECTOR = YES;
				GCC_WARN_UNINITIALIZED_AUTOS = YES_AGGRESSIVE;
				GCC_WARN_UNUSED_FUNCTION = YES;
				GCC_WARN_UNUSED_VARIABLE = YES;
				IPHONEOS_DEPLOYMENT_TARGET = 12.2;
				MTL_ENABLE_DEBUG_INFO = INCLUDE_SOURCE;
				MTL_FAST_MATH = YES;
				ONLY_ACTIVE_ARCH = YES;
				SDKROOT = iphoneos;
				SWIFT_ACTIVE_COMPILATION_CONDITIONS = DEBUG;
				SWIFT_OPTIMIZATION_LEVEL = "-Onone";
			};
			name = Debug;
		};
		2A29DE2D228F2EBD00C1CDD0 /* Release */ = {
			isa = XCBuildConfiguration;
			buildSettings = {
				ALWAYS_SEARCH_USER_PATHS = NO;
				CLANG_ANALYZER_NONNULL = YES;
				CLANG_ANALYZER_NUMBER_OBJECT_CONVERSION = YES_AGGRESSIVE;
				CLANG_CXX_LANGUAGE_STANDARD = "gnu++14";
				CLANG_CXX_LIBRARY = "libc++";
				CLANG_ENABLE_MODULES = YES;
				CLANG_ENABLE_OBJC_ARC = YES;
				CLANG_ENABLE_OBJC_WEAK = YES;
				CLANG_WARN_BLOCK_CAPTURE_AUTORELEASING = YES;
				CLANG_WARN_BOOL_CONVERSION = YES;
				CLANG_WARN_COMMA = YES;
				CLANG_WARN_CONSTANT_CONVERSION = YES;
				CLANG_WARN_DEPRECATED_OBJC_IMPLEMENTATIONS = YES;
				CLANG_WARN_DIRECT_OBJC_ISA_USAGE = YES_ERROR;
				CLANG_WARN_DOCUMENTATION_COMMENTS = YES;
				CLANG_WARN_EMPTY_BODY = YES;
				CLANG_WARN_ENUM_CONVERSION = YES;
				CLANG_WARN_INFINITE_RECURSION = YES;
				CLANG_WARN_INT_CONVERSION = YES;
				CLANG_WARN_NON_LITERAL_NULL_CONVERSION = YES;
				CLANG_WARN_OBJC_IMPLICIT_RETAIN_SELF = YES;
				CLANG_WARN_OBJC_LITERAL_CONVERSION = YES;
				CLANG_WARN_OBJC_ROOT_CLASS = YES_ERROR;
				CLANG_WARN_RANGE_LOOP_ANALYSIS = YES;
				CLANG_WARN_STRICT_PROTOTYPES = YES;
				CLANG_WARN_SUSPICIOUS_MOVE = YES;
				CLANG_WARN_UNGUARDED_AVAILABILITY = YES_AGGRESSIVE;
				CLANG_WARN_UNREACHABLE_CODE = YES;
				CLANG_WARN__DUPLICATE_METHOD_MATCH = YES;
				CODE_SIGN_IDENTITY = "iPhone Developer";
				COPY_PHASE_STRIP = NO;
				DEBUG_INFORMATION_FORMAT = "dwarf-with-dsym";
				ENABLE_NS_ASSERTIONS = NO;
				ENABLE_STRICT_OBJC_MSGSEND = YES;
				GCC_C_LANGUAGE_STANDARD = gnu11;
				GCC_NO_COMMON_BLOCKS = YES;
				GCC_WARN_64_TO_32_BIT_CONVERSION = YES;
				GCC_WARN_ABOUT_RETURN_TYPE = YES_ERROR;
				GCC_WARN_UNDECLARED_SELECTOR = YES;
				GCC_WARN_UNINITIALIZED_AUTOS = YES_AGGRESSIVE;
				GCC_WARN_UNUSED_FUNCTION = YES;
				GCC_WARN_UNUSED_VARIABLE = YES;
				IPHONEOS_DEPLOYMENT_TARGET = 12.2;
				MTL_ENABLE_DEBUG_INFO = NO;
				MTL_FAST_MATH = YES;
				SDKROOT = iphoneos;
				SWIFT_COMPILATION_MODE = wholemodule;
				SWIFT_OPTIMIZATION_LEVEL = "-O";
				VALIDATE_PRODUCT = YES;
			};
			name = Release;
		};
		2A29DE2F228F2EBD00C1CDD0 /* Debug */ = {
			isa = XCBuildConfiguration;
			buildSettings = {
				ASSETCATALOG_COMPILER_APPICON_NAME = AppIcon;
				CODE_SIGN_STYLE = Automatic;
				DEVELOPMENT_TEAM = 2RQ82SNR8Q;
				INFOPLIST_FILE = GoodService/Info.plist;
				LD_RUNPATH_SEARCH_PATHS = (
					"$(inherited)",
					"@executable_path/Frameworks",
				);
				PRODUCT_BUNDLE_IDENTIFIER = "com.plushcare-chris.GoodService";
				PRODUCT_NAME = "$(TARGET_NAME)";
				SWIFT_VERSION = 5.0;
				TARGETED_DEVICE_FAMILY = "1,2";
			};
			name = Debug;
		};
		2A29DE30228F2EBD00C1CDD0 /* Release */ = {
			isa = XCBuildConfiguration;
			buildSettings = {
				ASSETCATALOG_COMPILER_APPICON_NAME = AppIcon;
				CODE_SIGN_STYLE = Automatic;
				DEVELOPMENT_TEAM = 2RQ82SNR8Q;
				INFOPLIST_FILE = GoodService/Info.plist;
				LD_RUNPATH_SEARCH_PATHS = (
					"$(inherited)",
					"@executable_path/Frameworks",
				);
				PRODUCT_BUNDLE_IDENTIFIER = "com.plushcare-chris.GoodService";
				PRODUCT_NAME = "$(TARGET_NAME)";
				SWIFT_VERSION = 5.0;
				TARGETED_DEVICE_FAMILY = "1,2";
			};
			name = Release;
		};
/* End XCBuildConfiguration section */

/* Begin XCConfigurationList section */
		2A29DE17228F2EBC00C1CDD0 /* Build configuration list for PBXProject "GoodService" */ = {
			isa = XCConfigurationList;
			buildConfigurations = (
				2A29DE2C228F2EBD00C1CDD0 /* Debug */,
				2A29DE2D228F2EBD00C1CDD0 /* Release */,
			);
			defaultConfigurationIsVisible = 0;
			defaultConfigurationName = Release;
		};
		2A29DE2E228F2EBD00C1CDD0 /* Build configuration list for PBXNativeTarget "GoodService" */ = {
			isa = XCConfigurationList;
			buildConfigurations = (
				2A29DE2F228F2EBD00C1CDD0 /* Debug */,
				2A29DE30228F2EBD00C1CDD0 /* Release */,
			);
			defaultConfigurationIsVisible = 0;
			defaultConfigurationName = Release;
		};
/* End XCConfigurationList section */
	};
	rootObject = 2A29DE14228F2EBC00C1CDD0 /* Project object */;
}
